
Microsoft Visual Studio Solution File, Format Version 12.00
# Visual Studio Version 16
VisualStudioVersion = 16.0.29306.81
MinimumVisualStudioVersion = 10.0.40219.1
Project("{9A19103F-16F7-4668-BE54-9A1E7A4F7556}") = "WomConnector", "WomConnector\WomConnector.csproj", "{A85B853F-0E35-4F67-84FF-33C1CAAFC157}"
EndProject
Project("{FAE04EC0-301F-11D3-BF4B-00C04F79EFBC}") = "WomConnector.Tester", "WomConnector.Tester\WomConnector.Tester.csproj", "{3DBBACD0-8C6D-447A-A880-53509A48E156}"
EndProject
Global
	GlobalSection(SolutionConfigurationPlatforms) = preSolution
		Debug|Any CPU = Debug|Any CPU
		Release|Any CPU = Release|Any CPU
	EndGlobalSection
	GlobalSection(ProjectConfigurationPlatforms) = postSolution
		{A85B853F-0E35-4F67-84FF-33C1CAAFC157}.Debug|Any CPU.ActiveCfg = Debug|Any CPU
		{A85B853F-0E35-4F67-84FF-33C1CAAFC157}.Debug|Any CPU.Build.0 = Debug|Any CPU
		{A85B853F-0E35-4F67-84FF-33C1CAAFC157}.Release|Any CPU.ActiveCfg = Release|Any CPU
		{A85B853F-0E35-4F67-84FF-33C1CAAFC157}.Release|Any CPU.Build.0 = Release|Any CPU
		{3DBBACD0-8C6D-447A-A880-53509A48E156}.Debug|Any CPU.ActiveCfg = Debug|Any CPU
		{3DBBACD0-8C6D-447A-A880-53509A48E156}.Debug|Any CPU.Build.0 = Debug|Any CPU
		{3DBBACD0-8C6D-447A-A880-53509A48E156}.Release|Any CPU.ActiveCfg = Release|Any CPU
		{3DBBACD0-8C6D-447A-A880-53509A48E156}.Release|Any CPU.Build.0 = Release|Any CPU
	EndGlobalSection
	GlobalSection(SolutionProperties) = preSolution
		HideSolutionNode = FALSE
	EndGlobalSection
	GlobalSection(ExtensibilityGlobals) = postSolution
		SolutionGuid = {B0EA3281-B1EC-4523-86C6-7D0B5CE70BFD}
	EndGlobalSection
EndGlobal
